
Microsoft Visual Studio Solution File, Format Version 12.00
# Visual Studio 15
VisualStudioVersion = 15.0.28307.421
MinimumVisualStudioVersion = 10.0.40219.1
Project("{888888A0-9F3D-457C-B088-3A5042F75D52}") = "Aproksymacja_MNK", "Aproksymacja_MNK\Aproksymacja_MNK.pyproj", "{E3030AEC-BE64-41E4-B841-08505AA1CDED}"
EndProject
Global
	GlobalSection(SolutionConfigurationPlatforms) = preSolution
		Debug|Any CPU = Debug|Any CPU
		Release|Any CPU = Release|Any CPU
	EndGlobalSection
	GlobalSection(ProjectConfigurationPlatforms) = postSolution
		{E3030AEC-BE64-41E4-B841-08505AA1CDED}.Debug|Any CPU.ActiveCfg = Debug|Any CPU
		{E3030AEC-BE64-41E4-B841-08505AA1CDED}.Release|Any CPU.ActiveCfg = Release|Any CPU
	EndGlobalSection
	GlobalSection(SolutionProperties) = preSolution
		HideSolutionNode = FALSE
	EndGlobalSection
	GlobalSection(ExtensibilityGlobals) = postSolution
		SolutionGuid = {776654AD-E245-4A3F-955C-688BADA0BDAC}
	EndGlobalSection
EndGlobal
